// !$*UTF8*$!
{
	archiveVersion = 1;
	classes = {
	};
	objectVersion = 50;
	objects = {

/* Begin PBXBuildFile section */
		3E0A97D123AE065B00B6B598 /* QuizzierViewController.swift in Sources */ = {isa = PBXBuildFile; fileRef = 3E0A97D023AE065B00B6B598 /* QuizzierViewController.swift */; };
		3E0A97D523AE0EE100B6B598 /* Background-Bubbles@3x.png in Resources */ = {isa = PBXBuildFile; fileRef = 3E0A97D323AE0EE100B6B598 /* Background-Bubbles@3x.png */; };
		3E0A97D623AE0EE100B6B598 /* Background-Bubbles@2x.png in Resources */ = {isa = PBXBuildFile; fileRef = 3E0A97D423AE0EE100B6B598 /* Background-Bubbles@2x.png */; };
		3E0A97D823AE50E600B6B598 /* QuestionModel.swift in Sources */ = {isa = PBXBuildFile; fileRef = 3E0A97D723AE50E600B6B598 /* QuestionModel.swift */; };
		3E0A97DB23AF43DA00B6B598 /* QuizBrain.swift in Sources */ = {isa = PBXBuildFile; fileRef = 3E0A97DA23AF43DA00B6B598 /* QuizBrain.swift */; };
		3E0A97DD23AF779000B6B598 /* DestinyViewController.swift in Sources */ = {isa = PBXBuildFile; fileRef = 3E0A97DC23AF779000B6B598 /* DestinyViewController.swift */; };
		3E7AD2BB23AA552F007BAF26 /* CalculatorViewController.swift in Sources */ = {isa = PBXBuildFile; fileRef = 3E7AD2BA23AA552F007BAF26 /* CalculatorViewController.swift */; };
		3E7AD2BD23AA7355007BAF26 /* XylophoneViewController.swift in Sources */ = {isa = PBXBuildFile; fileRef = 3E7AD2BC23AA7355007BAF26 /* XylophoneViewController.swift */; };
		3E7AD2C623AA7681007BAF26 /* F.wav in Resources */ = {isa = PBXBuildFile; fileRef = 3E7AD2BF23AA7681007BAF26 /* F.wav */; };
		3E7AD2C723AA7681007BAF26 /* E.wav in Resources */ = {isa = PBXBuildFile; fileRef = 3E7AD2C023AA7681007BAF26 /* E.wav */; };
		3E7AD2C823AA7681007BAF26 /* G.wav in Resources */ = {isa = PBXBuildFile; fileRef = 3E7AD2C123AA7681007BAF26 /* G.wav */; };
		3E7AD2C923AA7681007BAF26 /* B.wav in Resources */ = {isa = PBXBuildFile; fileRef = 3E7AD2C223AA7681007BAF26 /* B.wav */; };
		3E7AD2CA23AA7681007BAF26 /* C.wav in Resources */ = {isa = PBXBuildFile; fileRef = 3E7AD2C323AA7681007BAF26 /* C.wav */; };
		3E7AD2CB23AA7681007BAF26 /* D.wav in Resources */ = {isa = PBXBuildFile; fileRef = 3E7AD2C423AA7681007BAF26 /* D.wav */; };
		3E7AD2CC23AA7681007BAF26 /* A.wav in Resources */ = {isa = PBXBuildFile; fileRef = 3E7AD2C523AA7681007BAF26 /* A.wav */; };
		3EC583B723A6BDA000175E01 /* MagicBallViewController.swift in Sources */ = {isa = PBXBuildFile; fileRef = 3EC583B623A6BDA000175E01 /* MagicBallViewController.swift */; };
		3EE5F03523ABB2B200DBFAC6 /* EggsViewController.swift in Sources */ = {isa = PBXBuildFile; fileRef = 3EE5F03423ABB2B200DBFAC6 /* EggsViewController.swift */; };
		3EE5F03823AD0B2100DBFAC6 /* alarm_sound.mp3 in Resources */ = {isa = PBXBuildFile; fileRef = 3EE5F03723AD0B2100DBFAC6 /* alarm_sound.mp3 */; };
		3EEFFCE823A69F72003545D7 /* AppDelegate.swift in Sources */ = {isa = PBXBuildFile; fileRef = 3EEFFCE723A69F72003545D7 /* AppDelegate.swift */; };
		3EEFFCEA23A69F72003545D7 /* SceneDelegate.swift in Sources */ = {isa = PBXBuildFile; fileRef = 3EEFFCE923A69F72003545D7 /* SceneDelegate.swift */; };
		3EEFFCEC23A69F72003545D7 /* ViewController.swift in Sources */ = {isa = PBXBuildFile; fileRef = 3EEFFCEB23A69F72003545D7 /* ViewController.swift */; };
		3EEFFCEF23A69F72003545D7 /* Main.storyboard in Resources */ = {isa = PBXBuildFile; fileRef = 3EEFFCED23A69F72003545D7 /* Main.storyboard */; };
		3EEFFCF123A69F75003545D7 /* Assets.xcassets in Resources */ = {isa = PBXBuildFile; fileRef = 3EEFFCF023A69F75003545D7 /* Assets.xcassets */; };
		3EEFFCF423A69F75003545D7 /* LaunchScreen.storyboard in Resources */ = {isa = PBXBuildFile; fileRef = 3EEFFCF223A69F75003545D7 /* LaunchScreen.storyboard */; };
		3EEFFCFC23A6A470003545D7 /* DicesViewController.swift in Sources */ = {isa = PBXBuildFile; fileRef = 3EEFFCFB23A6A470003545D7 /* DicesViewController.swift */; };
/* End PBXBuildFile section */

/* Begin PBXFileReference section */
		3E0A97D023AE065B00B6B598 /* QuizzierViewController.swift */ = {isa = PBXFileReference; lastKnownFileType = sourcecode.swift; path = QuizzierViewController.swift; sourceTree = "<group>"; };
		3E0A97D323AE0EE100B6B598 /* Background-Bubbles@3x.png */ = {isa = PBXFileReference; lastKnownFileType = image.png; path = "Background-Bubbles@3x.png"; sourceTree = "<group>"; };
		3E0A97D423AE0EE100B6B598 /* Background-Bubbles@2x.png */ = {isa = PBXFileReference; lastKnownFileType = image.png; path = "Background-Bubbles@2x.png"; sourceTree = "<group>"; };
		3E0A97D723AE50E600B6B598 /* QuestionModel.swift */ = {isa = PBXFileReference; lastKnownFileType = sourcecode.swift; path = QuestionModel.swift; sourceTree = "<group>"; };
		3E0A97DA23AF43DA00B6B598 /* QuizBrain.swift */ = {isa = PBXFileReference; lastKnownFileType = sourcecode.swift; path = QuizBrain.swift; sourceTree = "<group>"; };
		3E0A97DC23AF779000B6B598 /* DestinyViewController.swift */ = {isa = PBXFileReference; lastKnownFileType = sourcecode.swift; path = DestinyViewController.swift; sourceTree = "<group>"; };
		3E7AD2BA23AA552F007BAF26 /* CalculatorViewController.swift */ = {isa = PBXFileReference; lastKnownFileType = sourcecode.swift; path = CalculatorViewController.swift; sourceTree = "<group>"; };
		3E7AD2BC23AA7355007BAF26 /* XylophoneViewController.swift */ = {isa = PBXFileReference; lastKnownFileType = sourcecode.swift; path = XylophoneViewController.swift; sourceTree = "<group>"; };
		3E7AD2BF23AA7681007BAF26 /* F.wav */ = {isa = PBXFileReference; lastKnownFileType = audio.wav; path = F.wav; sourceTree = "<group>"; };
		3E7AD2C023AA7681007BAF26 /* E.wav */ = {isa = PBXFileReference; lastKnownFileType = audio.wav; path = E.wav; sourceTree = "<group>"; };
		3E7AD2C123AA7681007BAF26 /* G.wav */ = {isa = PBXFileReference; lastKnownFileType = audio.wav; path = G.wav; sourceTree = "<group>"; };
		3E7AD2C223AA7681007BAF26 /* B.wav */ = {isa = PBXFileReference; lastKnownFileType = audio.wav; path = B.wav; sourceTree = "<group>"; };
		3E7AD2C323AA7681007BAF26 /* C.wav */ = {isa = PBXFileReference; lastKnownFileType = audio.wav; path = C.wav; sourceTree = "<group>"; };
		3E7AD2C423AA7681007BAF26 /* D.wav */ = {isa = PBXFileReference; lastKnownFileType = audio.wav; path = D.wav; sourceTree = "<group>"; };
		3E7AD2C523AA7681007BAF26 /* A.wav */ = {isa = PBXFileReference; lastKnownFileType = audio.wav; path = A.wav; sourceTree = "<group>"; };
		3EC583B623A6BDA000175E01 /* MagicBallViewController.swift */ = {isa = PBXFileReference; lastKnownFileType = sourcecode.swift; path = MagicBallViewController.swift; sourceTree = "<group>"; };
		3EE5F03423ABB2B200DBFAC6 /* EggsViewController.swift */ = {isa = PBXFileReference; lastKnownFileType = sourcecode.swift; path = EggsViewController.swift; sourceTree = "<group>"; };
		3EE5F03723AD0B2100DBFAC6 /* alarm_sound.mp3 */ = {isa = PBXFileReference; lastKnownFileType = audio.mp3; path = alarm_sound.mp3; sourceTree = "<group>"; };
		3EEFFCE423A69F72003545D7 /* BootcampCourse.app */ = {isa = PBXFileReference; explicitFileType = wrapper.application; includeInIndex = 0; path = BootcampCourse.app; sourceTree = BUILT_PRODUCTS_DIR; };
		3EEFFCE723A69F72003545D7 /* AppDelegate.swift */ = {isa = PBXFileReference; lastKnownFileType = sourcecode.swift; path = AppDelegate.swift; sourceTree = "<group>"; };
		3EEFFCE923A69F72003545D7 /* SceneDelegate.swift */ = {isa = PBXFileReference; lastKnownFileType = sourcecode.swift; path = SceneDelegate.swift; sourceTree = "<group>"; };
		3EEFFCEB23A69F72003545D7 /* ViewController.swift */ = {isa = PBXFileReference; lastKnownFileType = sourcecode.swift; path = ViewController.swift; sourceTree = "<group>"; };
		3EEFFCEE23A69F72003545D7 /* Base */ = {isa = PBXFileReference; lastKnownFileType = file.storyboard; name = Base; path = Base.lproj/Main.storyboard; sourceTree = "<group>"; };
		3EEFFCF023A69F75003545D7 /* Assets.xcassets */ = {isa = PBXFileReference; lastKnownFileType = folder.assetcatalog; path = Assets.xcassets; sourceTree = "<group>"; };
		3EEFFCF323A69F75003545D7 /* Base */ = {isa = PBXFileReference; lastKnownFileType = file.storyboard; name = Base; path = Base.lproj/LaunchScreen.storyboard; sourceTree = "<group>"; };
		3EEFFCF523A69F75003545D7 /* Info.plist */ = {isa = PBXFileReference; lastKnownFileType = text.plist.xml; path = Info.plist; sourceTree = "<group>"; };
		3EEFFCFB23A6A470003545D7 /* DicesViewController.swift */ = {isa = PBXFileReference; lastKnownFileType = sourcecode.swift; path = DicesViewController.swift; sourceTree = "<group>"; };
/* End PBXFileReference section */

/* Begin PBXFrameworksBuildPhase section */
		3EEFFCE123A69F72003545D7 /* Frameworks */ = {
			isa = PBXFrameworksBuildPhase;
			buildActionMask = 2147483647;
			files = (
			);
			runOnlyForDeploymentPostprocessing = 0;
		};
/* End PBXFrameworksBuildPhase section */

/* Begin PBXGroup section */
		3E0A97D223AE0EC400B6B598 /* Quizzier */ = {
			isa = PBXGroup;
			children = (
				3E0A97D423AE0EE100B6B598 /* Background-Bubbles@2x.png */,
				3E0A97D323AE0EE100B6B598 /* Background-Bubbles@3x.png */,
			);
			path = Quizzier;
			sourceTree = "<group>";
		};
		3E0A97D923AF406000B6B598 /* Model */ = {
			isa = PBXGroup;
			children = (
				3E0A97D723AE50E600B6B598 /* QuestionModel.swift */,
				3E0A97DA23AF43DA00B6B598 /* QuizBrain.swift */,
			);
			path = Model;
			sourceTree = "<group>";
		};
		3E7AD2BE23AA766B007BAF26 /* Xylophone */ = {
			isa = PBXGroup;
			children = (
				3E7AD2C523AA7681007BAF26 /* A.wav */,
				3E7AD2C223AA7681007BAF26 /* B.wav */,
				3E7AD2C323AA7681007BAF26 /* C.wav */,
				3E7AD2C423AA7681007BAF26 /* D.wav */,
				3E7AD2C023AA7681007BAF26 /* E.wav */,
				3E7AD2BF23AA7681007BAF26 /* F.wav */,
				3E7AD2C123AA7681007BAF26 /* G.wav */,
			);
			path = Xylophone;
			sourceTree = "<group>";
		};
		3EC583B823A6C6AF00175E01 /* Controller */ = {
			isa = PBXGroup;
			children = (
				3EEFFCEB23A69F72003545D7 /* ViewController.swift */,
				3EEFFCFB23A6A470003545D7 /* DicesViewController.swift */,
				3EC583B623A6BDA000175E01 /* MagicBallViewController.swift */,
				3E7AD2BA23AA552F007BAF26 /* CalculatorViewController.swift */,
				3E7AD2BC23AA7355007BAF26 /* XylophoneViewController.swift */,
				3EE5F03423ABB2B200DBFAC6 /* EggsViewController.swift */,
				3E0A97D023AE065B00B6B598 /* QuizzierViewController.swift */,
				3E0A97DC23AF779000B6B598 /* DestinyViewController.swift */,
			);
			path = Controller;
			sourceTree = "<group>";
		};
		3EC583B923A6C6C600175E01 /* SupportFile */ = {
			isa = PBXGroup;
			children = (
				3E0A97D223AE0EC400B6B598 /* Quizzier */,
				3EE5F03623AD0A6200DBFAC6 /* Eggs */,
				3E7AD2BE23AA766B007BAF26 /* Xylophone */,
				3EEFFCF523A69F75003545D7 /* Info.plist */,
				3EEFFCE723A69F72003545D7 /* AppDelegate.swift */,
				3EEFFCE923A69F72003545D7 /* SceneDelegate.swift */,
				3EEFFCF023A69F75003545D7 /* Assets.xcassets */,
			);
			path = SupportFile;
			sourceTree = "<group>";
		};
		3EC583BA23A6C6D500175E01 /* View */ = {
			isa = PBXGroup;
			children = (
				3EEFFCF223A69F75003545D7 /* LaunchScreen.storyboard */,
				3EEFFCED23A69F72003545D7 /* Main.storyboard */,
			);
			path = View;
			sourceTree = "<group>";
		};
		3EE5F03623AD0A6200DBFAC6 /* Eggs */ = {
			isa = PBXGroup;
			children = (
				3EE5F03723AD0B2100DBFAC6 /* alarm_sound.mp3 */,
			);
			path = Eggs;
			sourceTree = "<group>";
		};
		3EEFFCDB23A69F72003545D7 = {
			isa = PBXGroup;
			children = (
				3EEFFCE623A69F72003545D7 /* BootcampCourse */,
				3EEFFCE523A69F72003545D7 /* Products */,
			);
			sourceTree = "<group>";
		};
		3EEFFCE523A69F72003545D7 /* Products */ = {
			isa = PBXGroup;
			children = (
				3EEFFCE423A69F72003545D7 /* BootcampCourse.app */,
			);
			name = Products;
			sourceTree = "<group>";
		};
		3EEFFCE623A69F72003545D7 /* BootcampCourse */ = {
			isa = PBXGroup;
			children = (
				3E0A97D923AF406000B6B598 /* Model */,
				3EC583BA23A6C6D500175E01 /* View */,
				3EC583B823A6C6AF00175E01 /* Controller */,
				3EC583B923A6C6C600175E01 /* SupportFile */,
			);
			path = BootcampCourse;
			sourceTree = "<group>";
		};
/* End PBXGroup section */

/* Begin PBXNativeTarget section */
		3EEFFCE323A69F72003545D7 /* BootcampCourse */ = {
			isa = PBXNativeTarget;
			buildConfigurationList = 3EEFFCF823A69F75003545D7 /* Build configuration list for PBXNativeTarget "BootcampCourse" */;
			buildPhases = (
				3EEFFCE023A69F72003545D7 /* Sources */,
				3EEFFCE123A69F72003545D7 /* Frameworks */,
				3EEFFCE223A69F72003545D7 /* Resources */,
			);
			buildRules = (
			);
			dependencies = (
			);
			name = BootcampCourse;
			productName = TheCompleteIOSAppDevelopmentBootcampCourse;
			productReference = 3EEFFCE423A69F72003545D7 /* BootcampCourse.app */;
			productType = "com.apple.product-type.application";
		};
/* End PBXNativeTarget section */

/* Begin PBXProject section */
		3EEFFCDC23A69F72003545D7 /* Project object */ = {
			isa = PBXProject;
			attributes = {
				LastSwiftUpdateCheck = 1130;
				LastUpgradeCheck = 1130;
				ORGANIZATIONNAME = "yauheni prakapenka";
				TargetAttributes = {
					3EEFFCE323A69F72003545D7 = {
						CreatedOnToolsVersion = 11.3;
					};
				};
			};
			buildConfigurationList = 3EEFFCDF23A69F72003545D7 /* Build configuration list for PBXProject "BootcampCourse" */;
			compatibilityVersion = "Xcode 9.3";
			developmentRegion = en;
			hasScannedForEncodings = 0;
			knownRegions = (
				en,
				Base,
			);
			mainGroup = 3EEFFCDB23A69F72003545D7;
			productRefGroup = 3EEFFCE523A69F72003545D7 /* Products */;
			projectDirPath = "";
			projectRoot = "";
			targets = (
				3EEFFCE323A69F72003545D7 /* BootcampCourse */,
			);
		};
/* End PBXProject section */

/* Begin PBXResourcesBuildPhase section */
		3EEFFCE223A69F72003545D7 /* Resources */ = {
			isa = PBXResourcesBuildPhase;
			buildActionMask = 2147483647;
			files = (
				3E7AD2CB23AA7681007BAF26 /* D.wav in Resources */,
				3E7AD2C823AA7681007BAF26 /* G.wav in Resources */,
				3E7AD2C723AA7681007BAF26 /* E.wav in Resources */,
				3EE5F03823AD0B2100DBFAC6 /* alarm_sound.mp3 in Resources */,
				3E0A97D623AE0EE100B6B598 /* Background-Bubbles@2x.png in Resources */,
				3EEFFCF423A69F75003545D7 /* LaunchScreen.storyboard in Resources */,
				3E7AD2C923AA7681007BAF26 /* B.wav in Resources */,
				3E7AD2CA23AA7681007BAF26 /* C.wav in Resources */,
				3EEFFCF123A69F75003545D7 /* Assets.xcassets in Resources */,
				3EEFFCEF23A69F72003545D7 /* Main.storyboard in Resources */,
				3E7AD2CC23AA7681007BAF26 /* A.wav in Resources */,
				3E7AD2C623AA7681007BAF26 /* F.wav in Resources */,
				3E0A97D523AE0EE100B6B598 /* Background-Bubbles@3x.png in Resources */,
			);
			runOnlyForDeploymentPostprocessing = 0;
		};
/* End PBXResourcesBuildPhase section */

/* Begin PBXSourcesBuildPhase section */
		3EEFFCE023A69F72003545D7 /* Sources */ = {
			isa = PBXSourcesBuildPhase;
			buildActionMask = 2147483647;
			files = (
				3EE5F03523ABB2B200DBFAC6 /* EggsViewController.swift in Sources */,
				3E0A97DD23AF779000B6B598 /* DestinyViewController.swift in Sources */,
				3EEFFCEC23A69F72003545D7 /* ViewController.swift in Sources */,
				3E0A97D123AE065B00B6B598 /* QuizzierViewController.swift in Sources */,
				3EEFFCE823A69F72003545D7 /* AppDelegate.swift in Sources */,
				3EEFFCEA23A69F72003545D7 /* SceneDelegate.swift in Sources */,
				3E0A97DB23AF43DA00B6B598 /* QuizBrain.swift in Sources */,
				3E0A97D823AE50E600B6B598 /* QuestionModel.swift in Sources */,
				3EEFFCFC23A6A470003545D7 /* DicesViewController.swift in Sources */,
				3E7AD2BB23AA552F007BAF26 /* CalculatorViewController.swift in Sources */,
				3EC583B723A6BDA000175E01 /* MagicBallViewController.swift in Sources */,
				3E7AD2BD23AA7355007BAF26 /* XylophoneViewController.swift in Sources */,
			);
			runOnlyForDeploymentPostprocessing = 0;
		};
/* End PBXSourcesBuildPhase section */

/* Begin PBXVariantGroup section */
		3EEFFCED23A69F72003545D7 /* Main.storyboard */ = {
			isa = PBXVariantGroup;
			children = (
				3EEFFCEE23A69F72003545D7 /* Base */,
			);
			name = Main.storyboard;
			sourceTree = "<group>";
		};
		3EEFFCF223A69F75003545D7 /* LaunchScreen.storyboard */ = {
			isa = PBXVariantGroup;
			children = (
				3EEFFCF323A69F75003545D7 /* Base */,
			);
			name = LaunchScreen.storyboard;
			sourceTree = "<group>";
		};
/* End PBXVariantGroup section */

/* Begin XCBuildConfiguration section */
		3EEFFCF623A69F75003545D7 /* Debug */ = {
			isa = XCBuildConfiguration;
			buildSettings = {
				ALWAYS_SEARCH_USER_PATHS = NO;
				CLANG_ANALYZER_NONNULL = YES;
				CLANG_ANALYZER_NUMBER_OBJECT_CONVERSION = YES_AGGRESSIVE;
				CLANG_CXX_LANGUAGE_STANDARD = "gnu++14";
				CLANG_CXX_LIBRARY = "libc++";
				CLANG_ENABLE_MODULES = YES;
				CLANG_ENABLE_OBJC_ARC = YES;
				CLANG_ENABLE_OBJC_WEAK = YES;
				CLANG_WARN_BLOCK_CAPTURE_AUTORELEASING = YES;
				CLANG_WARN_BOOL_CONVERSION = YES;
				CLANG_WARN_COMMA = YES;
				CLANG_WARN_CONSTANT_CONVERSION = YES;
				CLANG_WARN_DEPRECATED_OBJC_IMPLEMENTATIONS = YES;
				CLANG_WARN_DIRECT_OBJC_ISA_USAGE = YES_ERROR;
				CLANG_WARN_DOCUMENTATION_COMMENTS = YES;
				CLANG_WARN_EMPTY_BODY = YES;
				CLANG_WARN_ENUM_CONVERSION = YES;
				CLANG_WARN_INFINITE_RECURSION = YES;
				CLANG_WARN_INT_CONVERSION = YES;
				CLANG_WARN_NON_LITERAL_NULL_CONVERSION = YES;
				CLANG_WARN_OBJC_IMPLICIT_RETAIN_SELF = YES;
				CLANG_WARN_OBJC_LITERAL_CONVERSION = YES;
				CLANG_WARN_OBJC_ROOT_CLASS = YES_ERROR;
				CLANG_WARN_RANGE_LOOP_ANALYSIS = YES;
				CLANG_WARN_STRICT_PROTOTYPES = YES;
				CLANG_WARN_SUSPICIOUS_MOVE = YES;
				CLANG_WARN_UNGUARDED_AVAILABILITY = YES_AGGRESSIVE;
				CLANG_WARN_UNREACHABLE_CODE = YES;
				CLANG_WARN__DUPLICATE_METHOD_MATCH = YES;
				COPY_PHASE_STRIP = NO;
				DEBUG_INFORMATION_FORMAT = dwarf;
				ENABLE_STRICT_OBJC_MSGSEND = YES;
				ENABLE_TESTABILITY = YES;
				GCC_C_LANGUAGE_STANDARD = gnu11;
				GCC_DYNAMIC_NO_PIC = NO;
				GCC_NO_COMMON_BLOCKS = YES;
				GCC_OPTIMIZATION_LEVEL = 0;
				GCC_PREPROCESSOR_DEFINITIONS = (
					"DEBUG=1",
					"$(inherited)",
				);
				GCC_WARN_64_TO_32_BIT_CONVERSION = YES;
				GCC_WARN_ABOUT_RETURN_TYPE = YES_ERROR;
				GCC_WARN_UNDECLARED_SELECTOR = YES;
				GCC_WARN_UNINITIALIZED_AUTOS = YES_AGGRESSIVE;
				GCC_WARN_UNUSED_FUNCTION = YES;
				GCC_WARN_UNUSED_VARIABLE = YES;
				IPHONEOS_DEPLOYMENT_TARGET = 13.2;
				MTL_ENABLE_DEBUG_INFO = INCLUDE_SOURCE;
				MTL_FAST_MATH = YES;
				ONLY_ACTIVE_ARCH = YES;
				SDKROOT = iphoneos;
				SWIFT_ACTIVE_COMPILATION_CONDITIONS = DEBUG;
				SWIFT_OPTIMIZATION_LEVEL = "-Onone";
			};
			name = Debug;
		};
		3EEFFCF723A69F75003545D7 /* Release */ = {
			isa = XCBuildConfiguration;
			buildSettings = {
				ALWAYS_SEARCH_USER_PATHS = NO;
				CLANG_ANALYZER_NONNULL = YES;
				CLANG_ANALYZER_NUMBER_OBJECT_CONVERSION = YES_AGGRESSIVE;
				CLANG_CXX_LANGUAGE_STANDARD = "gnu++14";
				CLANG_CXX_LIBRARY = "libc++";
				CLANG_ENABLE_MODULES = YES;
				CLANG_ENABLE_OBJC_ARC = YES;
				CLANG_ENABLE_OBJC_WEAK = YES;
				CLANG_WARN_BLOCK_CAPTURE_AUTORELEASING = YES;
				CLANG_WARN_BOOL_CONVERSION = YES;
				CLANG_WARN_COMMA = YES;
				CLANG_WARN_CONSTANT_CONVERSION = YES;
				CLANG_WARN_DEPRECATED_OBJC_IMPLEMENTATIONS = YES;
				CLANG_WARN_DIRECT_OBJC_ISA_USAGE = YES_ERROR;
				CLANG_WARN_DOCUMENTATION_COMMENTS = YES;
				CLANG_WARN_EMPTY_BODY = YES;
				CLANG_WARN_ENUM_CONVERSION = YES;
				CLANG_WARN_INFINITE_RECURSION = YES;
				CLANG_WARN_INT_CONVERSION = YES;
				CLANG_WARN_NON_LITERAL_NULL_CONVERSION = YES;
				CLANG_WARN_OBJC_IMPLICIT_RETAIN_SELF = YES;
				CLANG_WARN_OBJC_LITERAL_CONVERSION = YES;
				CLANG_WARN_OBJC_ROOT_CLASS = YES_ERROR;
				CLANG_WARN_RANGE_LOOP_ANALYSIS = YES;
				CLANG_WARN_STRICT_PROTOTYPES = YES;
				CLANG_WARN_SUSPICIOUS_MOVE = YES;
				CLANG_WARN_UNGUARDED_AVAILABILITY = YES_AGGRESSIVE;
				CLANG_WARN_UNREACHABLE_CODE = YES;
				CLANG_WARN__DUPLICATE_METHOD_MATCH = YES;
				COPY_PHASE_STRIP = NO;
				DEBUG_INFORMATION_FORMAT = "dwarf-with-dsym";
				ENABLE_NS_ASSERTIONS = NO;
				ENABLE_STRICT_OBJC_MSGSEND = YES;
				GCC_C_LANGUAGE_STANDARD = gnu11;
				GCC_NO_COMMON_BLOCKS = YES;
				GCC_WARN_64_TO_32_BIT_CONVERSION = YES;
				GCC_WARN_ABOUT_RETURN_TYPE = YES_ERROR;
				GCC_WARN_UNDECLARED_SELECTOR = YES;
				GCC_WARN_UNINITIALIZED_AUTOS = YES_AGGRESSIVE;
				GCC_WARN_UNUSED_FUNCTION = YES;
				GCC_WARN_UNUSED_VARIABLE = YES;
				IPHONEOS_DEPLOYMENT_TARGET = 13.2;
				MTL_ENABLE_DEBUG_INFO = NO;
				MTL_FAST_MATH = YES;
				SDKROOT = iphoneos;
				SWIFT_COMPILATION_MODE = wholemodule;
				SWIFT_OPTIMIZATION_LEVEL = "-O";
				VALIDATE_PRODUCT = YES;
			};
			name = Release;
		};
		3EEFFCF923A69F75003545D7 /* Debug */ = {
			isa = XCBuildConfiguration;
			buildSettings = {
				ASSETCATALOG_COMPILER_APPICON_NAME = AppIcon;
				CODE_SIGN_STYLE = Automatic;
				DEVELOPMENT_TEAM = 2H6CKN6S5G;
				INFOPLIST_FILE = BootcampCourse/SupportFile/Info.plist;
				LD_RUNPATH_SEARCH_PATHS = (
					"$(inherited)",
					"@executable_path/Frameworks",
				);
				PRODUCT_BUNDLE_IDENTIFIER = com.yauheniprakapenka.TheCompleteIOSAppDevelopmentBootcampCourse;
				PRODUCT_NAME = "$(TARGET_NAME)";
				SWIFT_VERSION = 5.0;
				TARGETED_DEVICE_FAMILY = "1,2";
			};
			name = Debug;
		};
		3EEFFCFA23A69F75003545D7 /* Release */ = {
			isa = XCBuildConfiguration;
			buildSettings = {
				ASSETCATALOG_COMPILER_APPICON_NAME = AppIcon;
				CODE_SIGN_STYLE = Automatic;
				DEVELOPMENT_TEAM = 2H6CKN6S5G;
				INFOPLIST_FILE = BootcampCourse/SupportFile/Info.plist;
				LD_RUNPATH_SEARCH_PATHS = (
					"$(inherited)",
					"@executable_path/Frameworks",
				);
				PRODUCT_BUNDLE_IDENTIFIER = com.yauheniprakapenka.TheCompleteIOSAppDevelopmentBootcampCourse;
				PRODUCT_NAME = "$(TARGET_NAME)";
				SWIFT_VERSION = 5.0;
				TARGETED_DEVICE_FAMILY = "1,2";
			};
			name = Release;
		};
/* End XCBuildConfiguration section */

/* Begin XCConfigurationList section */
		3EEFFCDF23A69F72003545D7 /* Build configuration list for PBXProject "BootcampCourse" */ = {
			isa = XCConfigurationList;
			buildConfigurations = (
				3EEFFCF623A69F75003545D7 /* Debug */,
				3EEFFCF723A69F75003545D7 /* Release */,
			);
			defaultConfigurationIsVisible = 0;
			defaultConfigurationName = Release;
		};
		3EEFFCF823A69F75003545D7 /* Build configuration list for PBXNativeTarget "BootcampCourse" */ = {
			isa = XCConfigurationList;
			buildConfigurations = (
				3EEFFCF923A69F75003545D7 /* Debug */,
				3EEFFCFA23A69F75003545D7 /* Release */,
			);
			defaultConfigurationIsVisible = 0;
			defaultConfigurationName = Release;
		};
/* End XCConfigurationList section */
	};
	rootObject = 3EEFFCDC23A69F72003545D7 /* Project object */;
}
